
Microsoft Visual Studio Solution File, Format Version 12.00
# Visual Studio Version 16
VisualStudioVersion = 16.0.31313.79
MinimumVisualStudioVersion = 10.0.40219.1
Project("{FAE04EC0-301F-11D3-BF4B-00C04F79EFBC}") = "APIDatabase", "APIDatabase\APIDatabase.csproj", "{2DD6ED4A-5D42-479B-889D-19DCDAD78DBC}"
EndProject
Global
	GlobalSection(SolutionConfigurationPlatforms) = preSolution
		Debug|Any CPU = Debug|Any CPU
		Release|Any CPU = Release|Any CPU
	EndGlobalSection
	GlobalSection(ProjectConfigurationPlatforms) = postSolution
		{2DD6ED4A-5D42-479B-889D-19DCDAD78DBC}.Debug|Any CPU.ActiveCfg = Debug|Any CPU
		{2DD6ED4A-5D42-479B-889D-19DCDAD78DBC}.Debug|Any CPU.Build.0 = Debug|Any CPU
		{2DD6ED4A-5D42-479B-889D-19DCDAD78DBC}.Release|Any CPU.ActiveCfg = Release|Any CPU
		{2DD6ED4A-5D42-479B-889D-19DCDAD78DBC}.Release|Any CPU.Build.0 = Release|Any CPU
	EndGlobalSection
	GlobalSection(SolutionProperties) = preSolution
		HideSolutionNode = FALSE
	EndGlobalSection
	GlobalSection(ExtensibilityGlobals) = postSolution
		SolutionGuid = {29929DCA-786B-41A4-B801-E01C228BAE81}
	EndGlobalSection
EndGlobal
